
Microsoft Visual Studio Solution File, Format Version 12.00
# Visual Studio Version 16
VisualStudioVersion = 16.0.29409.12
MinimumVisualStudioVersion = 10.0.40219.1
Project("{FAE04EC0-301F-11D3-BF4B-00C04F79EFBC}") = "TRMDataManager", "TRMDataManager\TRMDataManager.csproj", "{93A981E9-E357-4F2F-9C09-3A8CE18A7968}"
EndProject
Global
	GlobalSection(SolutionConfigurationPlatforms) = preSolution
		Debug|Any CPU = Debug|Any CPU
		Release|Any CPU = Release|Any CPU
	EndGlobalSection
	GlobalSection(ProjectConfigurationPlatforms) = postSolution
		{93A981E9-E357-4F2F-9C09-3A8CE18A7968}.Debug|Any CPU.ActiveCfg = Debug|Any CPU
		{93A981E9-E357-4F2F-9C09-3A8CE18A7968}.Debug|Any CPU.Build.0 = Debug|Any CPU
		{93A981E9-E357-4F2F-9C09-3A8CE18A7968}.Release|Any CPU.ActiveCfg = Release|Any CPU
		{93A981E9-E357-4F2F-9C09-3A8CE18A7968}.Release|Any CPU.Build.0 = Release|Any CPU
	EndGlobalSection
	GlobalSection(SolutionProperties) = preSolution
		HideSolutionNode = FALSE
	EndGlobalSection
	GlobalSection(ExtensibilityGlobals) = postSolution
		SolutionGuid = {E9F19970-4C68-4BA2-AC0A-45498E68E72F}
	EndGlobalSection
EndGlobal
